Microsoft Visual Studio Solution File, Format Version 12.00
# Visual Studio 2012
Project("{FAE04EC0-301F-11D3-BF4B-00C04F79EFBC}") = "Moon-Roguelite", "Moon-Roguelite.csproj", "{EC41EAD2-4811-4E41-8D22-10BA592C8A19}"
EndProject
Global
	GlobalSection(SolutionConfigurationPlatforms) = preSolution
	Debug|Any CPU = Debug|Any CPU
	ExportDebug|Any CPU = ExportDebug|Any CPU
	ExportRelease|Any CPU = ExportRelease|Any CPU
	EndGlobalSection
	GlobalSection(ProjectConfigurationPlatforms) = postSolution
		{EC41EAD2-4811-4E41-8D22-10BA592C8A19}.Debug|Any CPU.ActiveCfg = Debug|Any CPU
		{EC41EAD2-4811-4E41-8D22-10BA592C8A19}.Debug|Any CPU.Build.0 = Debug|Any CPU
		{EC41EAD2-4811-4E41-8D22-10BA592C8A19}.ExportDebug|Any CPU.ActiveCfg = ExportDebug|Any CPU
		{EC41EAD2-4811-4E41-8D22-10BA592C8A19}.ExportDebug|Any CPU.Build.0 = ExportDebug|Any CPU
		{EC41EAD2-4811-4E41-8D22-10BA592C8A19}.ExportRelease|Any CPU.ActiveCfg = ExportRelease|Any CPU
		{EC41EAD2-4811-4E41-8D22-10BA592C8A19}.ExportRelease|Any CPU.Build.0 = ExportRelease|Any CPU
	EndGlobalSection
EndGlobal
